
Microsoft Visual Studio Solution File, Format Version 12.00
# Visual Studio Version 17
VisualStudioVersion = 17.2.32526.322
MinimumVisualStudioVersion = 10.0.40219.1
Project("{9A19103F-16F7-4668-BE54-9A1E7A4F7556}") = "Inventory", "Inventory\Inventory.csproj", "{A20DCAAA-EAAB-4FB7-8801-8D6E01764A32}"
EndProject
Project("{FAE04EC0-301F-11D3-BF4B-00C04F79EFBC}") = "Entities", "Entities\Entities.csproj", "{0AF6CC21-30E2-49F3-B9A4-AC238C354829}"
EndProject
Project("{FAE04EC0-301F-11D3-BF4B-00C04F79EFBC}") = "DataAccess", "DataAccess\DataAccess.csproj", "{BA00643A-939D-4896-8023-A3168016FE7C}"
EndProject
Global
	GlobalSection(SolutionConfigurationPlatforms) = preSolution
		Debug|Any CPU = Debug|Any CPU
		Release|Any CPU = Release|Any CPU
	EndGlobalSection
	GlobalSection(ProjectConfigurationPlatforms) = postSolution
		{A20DCAAA-EAAB-4FB7-8801-8D6E01764A32}.Debug|Any CPU.ActiveCfg = Debug|Any CPU
		{A20DCAAA-EAAB-4FB7-8801-8D6E01764A32}.Debug|Any CPU.Build.0 = Debug|Any CPU
		{A20DCAAA-EAAB-4FB7-8801-8D6E01764A32}.Release|Any CPU.ActiveCfg = Release|Any CPU
		{A20DCAAA-EAAB-4FB7-8801-8D6E01764A32}.Release|Any CPU.Build.0 = Release|Any CPU
		{0AF6CC21-30E2-49F3-B9A4-AC238C354829}.Debug|Any CPU.ActiveCfg = Debug|Any CPU
		{0AF6CC21-30E2-49F3-B9A4-AC238C354829}.Debug|Any CPU.Build.0 = Debug|Any CPU
		{0AF6CC21-30E2-49F3-B9A4-AC238C354829}.Release|Any CPU.ActiveCfg = Release|Any CPU
		{0AF6CC21-30E2-49F3-B9A4-AC238C354829}.Release|Any CPU.Build.0 = Release|Any CPU
		{BA00643A-939D-4896-8023-A3168016FE7C}.Debug|Any CPU.ActiveCfg = Debug|Any CPU
		{BA00643A-939D-4896-8023-A3168016FE7C}.Debug|Any CPU.Build.0 = Debug|Any CPU
		{BA00643A-939D-4896-8023-A3168016FE7C}.Release|Any CPU.ActiveCfg = Release|Any CPU
		{BA00643A-939D-4896-8023-A3168016FE7C}.Release|Any CPU.Build.0 = Release|Any CPU
	EndGlobalSection
	GlobalSection(SolutionProperties) = preSolution
		HideSolutionNode = FALSE
	EndGlobalSection
	GlobalSection(ExtensibilityGlobals) = postSolution
		SolutionGuid = {3327A82D-B6C3-4CB5-89E4-C15631DEFF0E}
	EndGlobalSection
EndGlobal
